
Microsoft Visual Studio Solution File, Format Version 12.00
# Visual Studio 15
VisualStudioVersion = 15.0.27703.2000
MinimumVisualStudioVersion = 10.0.40219.1
Project("{8BC9CEB8-8B4A-11D0-8D11-00A0C91BC942}") = "ObjektinisProgramavimas_KartUzd1", "ObjektinisProgramavimas_KartUzd1\ObjektinisProgramavimas_KartUzd1.vcxproj", "{8EDC428B-EC6F-4AF8-9F83-6C1AD1C6E51C}"
EndProject
Project("{8BC9CEB8-8B4A-11D0-8D11-00A0C91BC942}") = "ObjektinisProgramavimas_KartUzd1Test", "ObjektinisProgramavimas_KartUzd1Test\ObjektinisProgramavimas_KartUzd1Test.vcxproj", "{8E973F00-077C-4AB4-AFD9-3B829C651DF8}"
EndProject
Global
	GlobalSection(SolutionConfigurationPlatforms) = preSolution
		Debug|x64 = Debug|x64
		Debug|x86 = Debug|x86
		Release|x64 = Release|x64
		Release|x86 = Release|x86
	EndGlobalSection
	GlobalSection(ProjectConfigurationPlatforms) = postSolution
		{8EDC428B-EC6F-4AF8-9F83-6C1AD1C6E51C}.Debug|x64.ActiveCfg = Debug|x64
		{8EDC428B-EC6F-4AF8-9F83-6C1AD1C6E51C}.Debug|x64.Build.0 = Debug|x64
		{8EDC428B-EC6F-4AF8-9F83-6C1AD1C6E51C}.Debug|x86.ActiveCfg = Debug|Win32
		{8EDC428B-EC6F-4AF8-9F83-6C1AD1C6E51C}.Debug|x86.Build.0 = Debug|Win32
		{8EDC428B-EC6F-4AF8-9F83-6C1AD1C6E51C}.Release|x64.ActiveCfg = Release|x64
		{8EDC428B-EC6F-4AF8-9F83-6C1AD1C6E51C}.Release|x64.Build.0 = Release|x64
		{8EDC428B-EC6F-4AF8-9F83-6C1AD1C6E51C}.Release|x86.ActiveCfg = Release|Win32
		{8EDC428B-EC6F-4AF8-9F83-6C1AD1C6E51C}.Release|x86.Build.0 = Release|Win32
		{8E973F00-077C-4AB4-AFD9-3B829C651DF8}.Debug|x64.ActiveCfg = Debug|x64
		{8E973F00-077C-4AB4-AFD9-3B829C651DF8}.Debug|x64.Build.0 = Debug|x64
		{8E973F00-077C-4AB4-AFD9-3B829C651DF8}.Debug|x86.ActiveCfg = Debug|Win32
		{8E973F00-077C-4AB4-AFD9-3B829C651DF8}.Debug|x86.Build.0 = Debug|Win32
		{8E973F00-077C-4AB4-AFD9-3B829C651DF8}.Release|x64.ActiveCfg = Release|x64
		{8E973F00-077C-4AB4-AFD9-3B829C651DF8}.Release|x64.Build.0 = Release|x64
		{8E973F00-077C-4AB4-AFD9-3B829C651DF8}.Release|x86.ActiveCfg = Release|Win32
		{8E973F00-077C-4AB4-AFD9-3B829C651DF8}.Release|x86.Build.0 = Release|Win32
	EndGlobalSection
	GlobalSection(SolutionProperties) = preSolution
		HideSolutionNode = FALSE
	EndGlobalSection
	GlobalSection(ExtensibilityGlobals) = postSolution
		SolutionGuid = {E19761A2-6230-4A65-BF88-C0390ED97E55}
	EndGlobalSection
EndGlobal
